
Microsoft Visual Studio Solution File, Format Version 12.00
# Visual Studio Version 17
VisualStudioVersion = 17.11.35219.272
MinimumVisualStudioVersion = 10.0.40219.1
Project("{FAE04EC0-301F-11D3-BF4B-00C04F79EFBC}") = "WebApiDowntime", "WebApiDowntime\WebApiDowntime.csproj", "{A1EA0917-768F-467F-8288-2F3AA399EF3A}"
EndProject
Global
	GlobalSection(SolutionConfigurationPlatforms) = preSolution
		Debug|Any CPU = Debug|Any CPU
		Release|Any CPU = Release|Any CPU
	EndGlobalSection
	GlobalSection(ProjectConfigurationPlatforms) = postSolution
		{A1EA0917-768F-467F-8288-2F3AA399EF3A}.Debug|Any CPU.ActiveCfg = Debug|Any CPU
		{A1EA0917-768F-467F-8288-2F3AA399EF3A}.Debug|Any CPU.Build.0 = Debug|Any CPU
		{A1EA0917-768F-467F-8288-2F3AA399EF3A}.Release|Any CPU.ActiveCfg = Release|Any CPU
		{A1EA0917-768F-467F-8288-2F3AA399EF3A}.Release|Any CPU.Build.0 = Release|Any CPU
	EndGlobalSection
	GlobalSection(SolutionProperties) = preSolution
		HideSolutionNode = FALSE
	EndGlobalSection
	GlobalSection(ExtensibilityGlobals) = postSolution
		SolutionGuid = {D7F2BE05-C9EA-416B-B564-8251C1F7D676}
	EndGlobalSection
EndGlobal
